
Microsoft Visual Studio Solution File, Format Version 12.00
# Visual Studio Version 16
VisualStudioVersion = 16.0.30114.105
MinimumVisualStudioVersion = 10.0.40219.1
Project("{FAE04EC0-301F-11D3-BF4B-00C04F79EFBC}") = "LibraryAPI", "LibraryAPI.csproj", "{30AC56A0-E364-4D27-99F0-3417EFD1846B}"
EndProject
Global
	GlobalSection(SolutionConfigurationPlatforms) = preSolution
		Debug|Any CPU = Debug|Any CPU
		Release|Any CPU = Release|Any CPU
	EndGlobalSection
	GlobalSection(ProjectConfigurationPlatforms) = postSolution
		{30AC56A0-E364-4D27-99F0-3417EFD1846B}.Debug|Any CPU.ActiveCfg = Debug|Any CPU
		{30AC56A0-E364-4D27-99F0-3417EFD1846B}.Debug|Any CPU.Build.0 = Debug|Any CPU
		{30AC56A0-E364-4D27-99F0-3417EFD1846B}.Release|Any CPU.ActiveCfg = Release|Any CPU
		{30AC56A0-E364-4D27-99F0-3417EFD1846B}.Release|Any CPU.Build.0 = Release|Any CPU
	EndGlobalSection
	GlobalSection(SolutionProperties) = preSolution
		HideSolutionNode = FALSE
	EndGlobalSection
	GlobalSection(ExtensibilityGlobals) = postSolution
		SolutionGuid = {EA4ED1C5-1A47-4E57-BEC3-35469062DC4C}
	EndGlobalSection
EndGlobal
